
Microsoft Visual Studio Solution File, Format Version 12.00
# Visual Studio Version 17
VisualStudioVersion = 17.11.35327.3
MinimumVisualStudioVersion = 10.0.40219.1
Project("{FAE04EC0-301F-11D3-BF4B-00C04F79EFBC}") = "Dz_Tumakhis", "Dz_Tumakhis\Dz_Tumakhis.csproj", "{4CC8C7CA-C25C-43BF-B073-41E66472A4E6}"
EndProject
Project("{FAE04EC0-301F-11D3-BF4B-00C04F79EFBC}") = "Dz_file", "Dz_file\Dz_file.csproj", "{A9043D30-92FE-4C03-8675-24262061A4EE}"
EndProject
Global
	GlobalSection(SolutionConfigurationPlatforms) = preSolution
		Debug|Any CPU = Debug|Any CPU
		Release|Any CPU = Release|Any CPU
	EndGlobalSection
	GlobalSection(ProjectConfigurationPlatforms) = postSolution
		{4CC8C7CA-C25C-43BF-B073-41E66472A4E6}.Debug|Any CPU.ActiveCfg = Debug|Any CPU
		{4CC8C7CA-C25C-43BF-B073-41E66472A4E6}.Debug|Any CPU.Build.0 = Debug|Any CPU
		{4CC8C7CA-C25C-43BF-B073-41E66472A4E6}.Release|Any CPU.ActiveCfg = Release|Any CPU
		{4CC8C7CA-C25C-43BF-B073-41E66472A4E6}.Release|Any CPU.Build.0 = Release|Any CPU
		{A9043D30-92FE-4C03-8675-24262061A4EE}.Debug|Any CPU.ActiveCfg = Debug|Any CPU
		{A9043D30-92FE-4C03-8675-24262061A4EE}.Debug|Any CPU.Build.0 = Debug|Any CPU
		{A9043D30-92FE-4C03-8675-24262061A4EE}.Release|Any CPU.ActiveCfg = Release|Any CPU
		{A9043D30-92FE-4C03-8675-24262061A4EE}.Release|Any CPU.Build.0 = Release|Any CPU
	EndGlobalSection
	GlobalSection(SolutionProperties) = preSolution
		HideSolutionNode = FALSE
	EndGlobalSection
	GlobalSection(ExtensibilityGlobals) = postSolution
		SolutionGuid = {EF40D37A-A838-461B-A21F-FF4A2EE91B7B}
	EndGlobalSection
EndGlobal
